
Microsoft Visual Studio Solution File, Format Version 12.00
# Visual Studio Version 17
VisualStudioVersion = 17.11.35208.52
MinimumVisualStudioVersion = 10.0.40219.1
Project("{FAE04EC0-301F-11D3-BF4B-00C04F79EFBC}") = "Week 1", "Week 1\Week 1.csproj", "{A5B29421-3041-4442-A1A6-2BB21F74AF91}"
EndProject
Global
	GlobalSection(SolutionConfigurationPlatforms) = preSolution
		Debug|Any CPU = Debug|Any CPU
		Release|Any CPU = Release|Any CPU
	EndGlobalSection
	GlobalSection(ProjectConfigurationPlatforms) = postSolution
		{A5B29421-3041-4442-A1A6-2BB21F74AF91}.Debug|Any CPU.ActiveCfg = Debug|Any CPU
		{A5B29421-3041-4442-A1A6-2BB21F74AF91}.Debug|Any CPU.Build.0 = Debug|Any CPU
		{A5B29421-3041-4442-A1A6-2BB21F74AF91}.Release|Any CPU.ActiveCfg = Release|Any CPU
		{A5B29421-3041-4442-A1A6-2BB21F74AF91}.Release|Any CPU.Build.0 = Release|Any CPU
	EndGlobalSection
	GlobalSection(SolutionProperties) = preSolution
		HideSolutionNode = FALSE
	EndGlobalSection
	GlobalSection(ExtensibilityGlobals) = postSolution
		SolutionGuid = {30E0B2F3-68FE-40ED-A588-84890EC0AA5C}
	EndGlobalSection
EndGlobal
